{
    "name": "xmlrpc",
    "version": "1.3.1",
    "lockfileVersion": 1,
    "requires": true,
    "dependencies": {
        "diff": {
            "version": "1.0.8",
            "resolved": "https://registry.npmjs.org/diff/-/diff-1.0.8.tgz",
            "integrity": "sha1-NDJ2MI7Jkbe8giZ+1VvBQR+XFmY=",
            "dev": true
        },
        "eyes": {
            "version": "0.1.8",
            "resolved": "https://registry.npmjs.org/eyes/-/eyes-0.1.8.tgz",
            "integrity": "sha1-Ys8SAjTGg3hdkCNIqADvPgzCC8A=",
            "dev": true
        },
        "ip-address": {
            "version": "6.1.0",
            "resolved": "https://registry.npmjs.org/ip-address/-/ip-address-6.1.0.tgz",
            "integrity": "sha512-u9YYtb1p2fWSbzpKmZ/b3QXWA+diRYPxc2c4y5lFB/MMk5WZ7wNZv8S3CFcIGVJ5XtlaCAl/FQy/D3eQ2XtdOA==",
            "requires": {
                "jsbn": "1.1.0",
                "lodash": "^4.17.15",
                "sprintf-js": "1.1.2"
            },
            "dependencies": {
                "lodash": {
                    "version": "4.17.15",
                    "resolved": "https://registry.npmjs.org/lodash/-/lodash-4.17.15.tgz",
                    "integrity": "sha512-8xOcRHvCjnocdS5cpwXQXVzmmh5e5+saE2QGoeQmbKmRS6J3VQppPOIt0MnmE+4xlZoumy0GPG0D0MVIQbNA1A=="
                }
            }
        },
        "jsbn": {
            "version": "1.1.0",
            "resolved": "https://registry.npmjs.org/jsbn/-/jsbn-1.1.0.tgz",
            "integrity": "sha1-sBMHyym2GKHtJux56RH4A8TaAEA="
        },
        "lodash": {
            "version": "3.10.1",
            "resolved": "https://registry.npmjs.org/lodash/-/lodash-3.10.1.tgz",
            "integrity": "sha1-W/Rejkm6QYnhfUgnid/RW9FAt7Y="
        },
        "sax": {
            "version": "0.6.1",
            "resolved": "https://registry.npmjs.org/sax/-/sax-0.6.1.tgz",
            "integrity": "sha1-VjsZx8HeiS4Jv8Ty/DDjwn8JUrk="
        },
        "socks5-client": {
            "version": "1.2.8",
            "resolved": "https://registry.npmjs.org/socks5-client/-/socks5-client-1.2.8.tgz",
            "integrity": "sha512-js8WqQ/JjZS3IQwUxRwSThvXzcRIHE8sde8nE5q7nqxiFGb8EoHmNJ9SF2lXqn3ux6pUV3+InH7ng7mANK6XfA==",
            "requires": {
                "ip-address": "~6.1.0"
            }
        },
        "socks5-http-client": {
            "version": "1.0.4",
            "resolved": "https://registry.npmjs.org/socks5-http-client/-/socks5-http-client-1.0.4.tgz",
            "integrity": "sha512-K16meYkltPtps6yDOqK9Mwlfz+pdD2kQQQ/TCO/gu2AImUmfO6nF2uXX1YWrPs4NCfClQNih19wqLXmuUcZCrA==",
            "requires": {
                "socks5-client": "~1.2.6"
            }
        },
        "socks5-https-client": {
            "version": "1.2.1",
            "resolved": "https://registry.npmjs.org/socks5-https-client/-/socks5-https-client-1.2.1.tgz",
            "integrity": "sha512-FbZ/X/2Xq3DAMhuRA4bnN0jy1QxaPTVPLFvyv6CEj0QDKSTdWp9yRxo1JhqXmWKhPQeJyUMajHJB2UjT43pFcw==",
            "requires": {
                "socks5-client": "~1.2.3"
            }
        },
        "sprintf-js": {
            "version": "1.1.2",
            "resolved": "https://registry.npmjs.org/sprintf-js/-/sprintf-js-1.1.2.tgz",
            "integrity": "sha512-VE0SOVEHCk7Qc8ulkWw3ntAzXuqf7S2lvwQaDLRnUeIEaKNQJzV6BwmLKhOqT61aGhfUMrXeaBk+oDGCzvhcug=="
        },
        "vows": {
            "version": "0.7.0",
            "resolved": "https://registry.npmjs.org/vows/-/vows-0.7.0.tgz",
            "integrity": "sha1-3QBl8RC6DAptY+hEhRwyCBdtWGc=",
            "dev": true,
            "requires": {
                "diff": "~1.0.3",
                "eyes": ">=0.1.6"
            }
        },
        "xmlbuilder": {
            "version": "2.6.5",
            "resolved": "https://registry.npmjs.org/xmlbuilder/-/xmlbuilder-2.6.5.tgz",
            "integrity": "sha1-b/etYPty0idk8AehZLd/K/FABSY=",
            "requires": {
                "lodash": "^3.5.0"
            }
        }
    }
}
